
Microsoft Visual Studio Solution File, Format Version 12.00
# Visual Studio 15
VisualStudioVersion = 15.0.27428.2005
MinimumVisualStudioVersion = 10.0.40219.1
Project("{8BC9CEB8-8B4A-11D0-8D11-00A0C91BC942}") = "Server", "Server\Server.vcxproj", "{D2AF6398-3110-46B3-B887-57317DDE757B}"
EndProject
Project("{8BC9CEB8-8B4A-11D0-8D11-00A0C91BC942}") = "Client", "Client\Client.vcxproj", "{075344B1-1981-4F85-B2B0-E6C23468284C}"
EndProject
Global
	GlobalSection(SolutionConfigurationPlatforms) = preSolution
		Debug|x64 = Debug|x64
		Debug|x86 = Debug|x86
		Release|x64 = Release|x64
		Release|x86 = Release|x86
	EndGlobalSection
	GlobalSection(ProjectConfigurationPlatforms) = postSolution
		{D2AF6398-3110-46B3-B887-57317DDE757B}.Debug|x64.ActiveCfg = Debug|x64
		{D2AF6398-3110-46B3-B887-57317DDE757B}.Debug|x64.Build.0 = Debug|x64
		{D2AF6398-3110-46B3-B887-57317DDE757B}.Debug|x86.ActiveCfg = Debug|Win32
		{D2AF6398-3110-46B3-B887-57317DDE757B}.Debug|x86.Build.0 = Debug|Win32
		{D2AF6398-3110-46B3-B887-57317DDE757B}.Release|x64.ActiveCfg = Release|x64
		{D2AF6398-3110-46B3-B887-57317DDE757B}.Release|x64.Build.0 = Release|x64
		{D2AF6398-3110-46B3-B887-57317DDE757B}.Release|x86.ActiveCfg = Release|Win32
		{D2AF6398-3110-46B3-B887-57317DDE757B}.Release|x86.Build.0 = Release|Win32
		{075344B1-1981-4F85-B2B0-E6C23468284C}.Debug|x64.ActiveCfg = Debug|x64
		{075344B1-1981-4F85-B2B0-E6C23468284C}.Debug|x64.Build.0 = Debug|x64
		{075344B1-1981-4F85-B2B0-E6C23468284C}.Debug|x86.ActiveCfg = Debug|Win32
		{075344B1-1981-4F85-B2B0-E6C23468284C}.Debug|x86.Build.0 = Debug|Win32
		{075344B1-1981-4F85-B2B0-E6C23468284C}.Release|x64.ActiveCfg = Release|x64
		{075344B1-1981-4F85-B2B0-E6C23468284C}.Release|x64.Build.0 = Release|x64
		{075344B1-1981-4F85-B2B0-E6C23468284C}.Release|x86.ActiveCfg = Release|Win32
		{075344B1-1981-4F85-B2B0-E6C23468284C}.Release|x86.Build.0 = Release|Win32
	EndGlobalSection
	GlobalSection(SolutionProperties) = preSolution
		HideSolutionNode = FALSE
	EndGlobalSection
	GlobalSection(ExtensibilityGlobals) = postSolution
		SolutionGuid = {5AE9394E-0702-474B-8133-BA4BBB034C7E}
	EndGlobalSection
EndGlobal
